// !$*UTF8*$!
{
	archiveVersion = 1;
	classes = {
	};
	objectVersion = 46;
	objects = {

/* Begin PBXBuildFile section */
		3FDC217E1A71D8F300D0FA8D /* main.m in Sources */ = {isa = PBXBuildFile; fileRef = 3FDC217D1A71D8F300D0FA8D /* main.m */; };
		3FDC21981A71D8F300D0FA8D /* Eye_Fixation_TrainingTests.m in Sources */ = {isa = PBXBuildFile; fileRef = 3FDC21971A71D8F300D0FA8D /* Eye_Fixation_TrainingTests.m */; };
		3FDC21AC1A71D91000D0FA8D /* Main_iPhone.storyboard in Resources */ = {isa = PBXBuildFile; fileRef = 3FDC21A11A71D91000D0FA8D /* Main_iPhone.storyboard */; };
		3FDC21AD1A71D91000D0FA8D /* EFTViewController.m in Sources */ = {isa = PBXBuildFile; fileRef = 3FDC21A31A71D91000D0FA8D /* EFTViewController.m */; };
		3FDC21AE1A71D91000D0FA8D /* EFTUserSettingsTableViewController.m in Sources */ = {isa = PBXBuildFile; fileRef = 3FDC21A51A71D91000D0FA8D /* EFTUserSettingsTableViewController.m */; };
		3FDC21AF1A71D91000D0FA8D /* EFTNumberOfTapsTableViewCell.m in Sources */ = {isa = PBXBuildFile; fileRef = 3FDC21A71A71D91000D0FA8D /* EFTNumberOfTapsTableViewCell.m */; };
		3FDC21B01A71D91000D0FA8D /* EFTSelectCrossSizeTableViewController.m in Sources */ = {isa = PBXBuildFile; fileRef = 3FDC21A91A71D91000D0FA8D /* EFTSelectCrossSizeTableViewController.m */; };
		3FDC21B11A71D91000D0FA8D /* EFTCongratulationsViewController.m in Sources */ = {isa = PBXBuildFile; fileRef = 3FDC21AB1A71D91000D0FA8D /* EFTCongratulationsViewController.m */; };
		3FDC21B81A71D92400D0FA8D /* Main_iPad.storyboard in Resources */ = {isa = PBXBuildFile; fileRef = 3FDC21B31A71D92400D0FA8D /* Main_iPad.storyboard */; };
		3FDC21B91A71D92400D0FA8D /* EFTiPadSelectCrossSizeTableViewCell.m in Sources */ = {isa = PBXBuildFile; fileRef = 3FDC21B51A71D92400D0FA8D /* EFTiPadSelectCrossSizeTableViewCell.m */; };
		3FDC21BA1A71D92400D0FA8D /* EFTiPadSelectCrossSizeTableViewController.m in Sources */ = {isa = PBXBuildFile; fileRef = 3FDC21B71A71D92400D0FA8D /* EFTiPadSelectCrossSizeTableViewController.m */; };
		3FDC21BE1A71D93100D0FA8D /* EFTConstants.m in Sources */ = {isa = PBXBuildFile; fileRef = 3FDC21BD1A71D93100D0FA8D /* EFTConstants.m */; };
		3FDC21C21A71D95100D0FA8D /* Images.xcassets in Resources */ = {isa = PBXBuildFile; fileRef = 3FDC21BF1A71D95100D0FA8D /* Images.xcassets */; };
		3FDC21C31A71D95100D0FA8D /* Launch Screen.xib in Resources */ = {isa = PBXBuildFile; fileRef = 3FDC21C01A71D95100D0FA8D /* Launch Screen.xib */; };
		3FDC21C41A71D95100D0FA8D /* Black Launch Screen.xib in Resources */ = {isa = PBXBuildFile; fileRef = 3FDC21C11A71D95100D0FA8D /* Black Launch Screen.xib */; };
		3FDC21C71A71D96200D0FA8D /* EFTAppDelegate.m in Sources */ = {isa = PBXBuildFile; fileRef = 3FDC21C61A71D96200D0FA8D /* EFTAppDelegate.m */; };
/* End PBXBuildFile section */

/* Begin PBXContainerItemProxy section */
		3FDC21921A71D8F300D0FA8D /* PBXContainerItemProxy */ = {
			isa = PBXContainerItemProxy;
			containerPortal = 3FDC21701A71D8F300D0FA8D /* Project object */;
			proxyType = 1;
			remoteGlobalIDString = 3FDC21771A71D8F300D0FA8D;
			remoteInfo = "Eye Fixation Training";
		};
/* End PBXContainerItemProxy section */

/* Begin PBXFileReference section */
		3FDC21781A71D8F300D0FA8D /* Eye Fixation Training.app */ = {isa = PBXFileReference; explicitFileType = wrapper.application; includeInIndex = 0; path = "Eye Fixation Training.app"; sourceTree = BUILT_PRODUCTS_DIR; };
		3FDC217C1A71D8F300D0FA8D /* Info.plist */ = {isa = PBXFileReference; lastKnownFileType = text.plist.xml; path = Info.plist; sourceTree = "<group>"; };
		3FDC217D1A71D8F300D0FA8D /* main.m */ = {isa = PBXFileReference; lastKnownFileType = sourcecode.c.objc; path = main.m; sourceTree = "<group>"; };
		3FDC21911A71D8F300D0FA8D /* Eye Fixation TrainingTests.xctest */ = {isa = PBXFileReference; explicitFileType = wrapper.cfbundle; includeInIndex = 0; path = "Eye Fixation TrainingTests.xctest"; sourceTree = BUILT_PRODUCTS_DIR; };
		3FDC21961A71D8F300D0FA8D /* Info.plist */ = {isa = PBXFileReference; lastKnownFileType = text.plist.xml; path = Info.plist; sourceTree = "<group>"; };
		3FDC21971A71D8F300D0FA8D /* Eye_Fixation_TrainingTests.m */ = {isa = PBXFileReference; lastKnownFileType = sourcecode.c.objc; path = Eye_Fixation_TrainingTests.m; sourceTree = "<group>"; };
		3FDC21A11A71D91000D0FA8D /* Main_iPhone.storyboard */ = {isa = PBXFileReference; fileEncoding = 4; lastKnownFileType = file.storyboard; path = Main_iPhone.storyboard; sourceTree = "<group>"; };
		3FDC21A21A71D91000D0FA8D /* EFTViewController.h */ = {isa = PBXFileReference; fileEncoding = 4; lastKnownFileType = sourcecode.c.h; path = EFTViewController.h; sourceTree = "<group>"; };
		3FDC21A31A71D91000D0FA8D /* EFTViewController.m */ = {isa = PBXFileReference; fileEncoding = 4; lastKnownFileType = sourcecode.c.objc; path = EFTViewController.m; sourceTree = "<group>"; };
		3FDC21A41A71D91000D0FA8D /* EFTUserSettingsTableViewController.h */ = {isa = PBXFileReference; fileEncoding = 4; lastKnownFileType = sourcecode.c.h; path = EFTUserSettingsTableViewController.h; sourceTree = "<group>"; };
		3FDC21A51A71D91000D0FA8D /* EFTUserSettingsTableViewController.m */ = {isa = PBXFileReference; fileEncoding = 4; lastKnownFileType = sourcecode.c.objc; path = EFTUserSettingsTableViewController.m; sourceTree = "<group>"; };
		3FDC21A61A71D91000D0FA8D /* EFTNumberOfTapsTableViewCell.h */ = {isa = PBXFileReference; fileEncoding = 4; lastKnownFileType = sourcecode.c.h; path = EFTNumberOfTapsTableViewCell.h; sourceTree = "<group>"; };
		3FDC21A71A71D91000D0FA8D /* EFTNumberOfTapsTableViewCell.m */ = {isa = PBXFileReference; fileEncoding = 4; lastKnownFileType = sourcecode.c.objc; path = EFTNumberOfTapsTableViewCell.m; sourceTree = "<group>"; };
		3FDC21A81A71D91000D0FA8D /* EFTSelectCrossSizeTableViewController.h */ = {isa = PBXFileReference; fileEncoding = 4; lastKnownFileType = sourcecode.c.h; path = EFTSelectCrossSizeTableViewController.h; sourceTree = "<group>"; };
		3FDC21A91A71D91000D0FA8D /* EFTSelectCrossSizeTableViewController.m */ = {isa = PBXFileReference; fileEncoding = 4; lastKnownFileType = sourcecode.c.objc; path = EFTSelectCrossSizeTableViewController.m; sourceTree = "<group>"; };
		3FDC21AA1A71D91000D0FA8D /* EFTCongratulationsViewController.h */ = {isa = PBXFileReference; fileEncoding = 4; lastKnownFileType = sourcecode.c.h; path = EFTCongratulationsViewController.h; sourceTree = "<group>"; };
		3FDC21AB1A71D91000D0FA8D /* EFTCongratulationsViewController.m */ = {isa = PBXFileReference; fileEncoding = 4; lastKnownFileType = sourcecode.c.objc; path = EFTCongratulationsViewController.m; sourceTree = "<group>"; };
		3FDC21B31A71D92400D0FA8D /* Main_iPad.storyboard */ = {isa = PBXFileReference; fileEncoding = 4; lastKnownFileType = file.storyboard; path = Main_iPad.storyboard; sourceTree = "<group>"; };
		3FDC21B41A71D92400D0FA8D /* EFTiPadSelectCrossSizeTableViewCell.h */ = {isa = PBXFileReference; fileEncoding = 4; lastKnownFileType = sourcecode.c.h; path = EFTiPadSelectCrossSizeTableViewCell.h; sourceTree = "<group>"; };
		3FDC21B51A71D92400D0FA8D /* EFTiPadSelectCrossSizeTableViewCell.m */ = {isa = PBXFileReference; fileEncoding = 4; lastKnownFileType = sourcecode.c.objc; path = EFTiPadSelectCrossSizeTableViewCell.m; sourceTree = "<group>"; };
		3FDC21B61A71D92400D0FA8D /* EFTiPadSelectCrossSizeTableViewController.h */ = {isa = PBXFileReference; fileEncoding = 4; lastKnownFileType = sourcecode.c.h; path = EFTiPadSelectCrossSizeTableViewController.h; sourceTree = "<group>"; };
		3FDC21B71A71D92400D0FA8D /* EFTiPadSelectCrossSizeTableViewController.m */ = {isa = PBXFileReference; fileEncoding = 4; lastKnownFileType = sourcecode.c.objc; path = EFTiPadSelectCrossSizeTableViewController.m; sourceTree = "<group>"; };
		3FDC21BC1A71D93100D0FA8D /* EFTConstants.h */ = {isa = PBXFileReference; fileEncoding = 4; lastKnownFileType = sourcecode.c.h; path = EFTConstants.h; sourceTree = "<group>"; };
		3FDC21BD1A71D93100D0FA8D /* EFTConstants.m */ = {isa = PBXFileReference; fileEncoding = 4; lastKnownFileType = sourcecode.c.objc; path = EFTConstants.m; sourceTree = "<group>"; };
		3FDC21BF1A71D95100D0FA8D /* Images.xcassets */ = {isa = PBXFileReference; lastKnownFileType = folder.assetcatalog; path = Images.xcassets; sourceTree = "<group>"; };
		3FDC21C01A71D95100D0FA8D /* Launch Screen.xib */ = {isa = PBXFileReference; fileEncoding = 4; lastKnownFileType = file.xib; path = "Launch Screen.xib"; sourceTree = "<group>"; };
		3FDC21C11A71D95100D0FA8D /* Black Launch Screen.xib */ = {isa = PBXFileReference; fileEncoding = 4; lastKnownFileType = file.xib; path = "Black Launch Screen.xib"; sourceTree = "<group>"; };
		3FDC21C51A71D96200D0FA8D /* EFTAppDelegate.h */ = {isa = PBXFileReference; fileEncoding = 4; lastKnownFileType = sourcecode.c.h; path = EFTAppDelegate.h; sourceTree = "<group>"; };
		3FDC21C61A71D96200D0FA8D /* EFTAppDelegate.m */ = {isa = PBXFileReference; fileEncoding = 4; lastKnownFileType = sourcecode.c.objc; path = EFTAppDelegate.m; sourceTree = "<group>"; };
/* End PBXFileReference section */

/* Begin PBXFrameworksBuildPhase section */
		3FDC21751A71D8F300D0FA8D /* Frameworks */ = {
			isa = PBXFrameworksBuildPhase;
			buildActionMask = 2147483647;
			files = (
			);
			runOnlyForDeploymentPostprocessing = 0;
		};
		3FDC218E1A71D8F300D0FA8D /* Frameworks */ = {
			isa = PBXFrameworksBuildPhase;
			buildActionMask = 2147483647;
			files = (
			);
			runOnlyForDeploymentPostprocessing = 0;
		};
/* End PBXFrameworksBuildPhase section */

/* Begin PBXGroup section */
		3FDC216F1A71D8F300D0FA8D = {
			isa = PBXGroup;
			children = (
				3FDC217A1A71D8F300D0FA8D /* Eye Fixation Training */,
				3FDC21941A71D8F300D0FA8D /* Eye Fixation TrainingTests */,
				3FDC21791A71D8F300D0FA8D /* Products */,
			);
			sourceTree = "<group>";
		};
		3FDC21791A71D8F300D0FA8D /* Products */ = {
			isa = PBXGroup;
			children = (
				3FDC21781A71D8F300D0FA8D /* Eye Fixation Training.app */,
				3FDC21911A71D8F300D0FA8D /* Eye Fixation TrainingTests.xctest */,
			);
			name = Products;
			sourceTree = "<group>";
		};
		3FDC217A1A71D8F300D0FA8D /* Eye Fixation Training */ = {
			isa = PBXGroup;
			children = (
				3FDC21B21A71D91400D0FA8D /* iPhone */,
				3FDC21BB1A71D92700D0FA8D /* iPad */,
				3FDC21BF1A71D95100D0FA8D /* Images.xcassets */,
				3FDC21C01A71D95100D0FA8D /* Launch Screen.xib */,
				3FDC21C11A71D95100D0FA8D /* Black Launch Screen.xib */,
				3FDC21BC1A71D93100D0FA8D /* EFTConstants.h */,
				3FDC21BD1A71D93100D0FA8D /* EFTConstants.m */,
				3FDC217B1A71D8F300D0FA8D /* Supporting Files */,
			);
			path = "Eye Fixation Training";
			sourceTree = "<group>";
		};
		3FDC217B1A71D8F300D0FA8D /* Supporting Files */ = {
			isa = PBXGroup;
			children = (
				3FDC21C51A71D96200D0FA8D /* EFTAppDelegate.h */,
				3FDC21C61A71D96200D0FA8D /* EFTAppDelegate.m */,
				3FDC217C1A71D8F300D0FA8D /* Info.plist */,
				3FDC217D1A71D8F300D0FA8D /* main.m */,
			);
			name = "Supporting Files";
			sourceTree = "<group>";
		};
		3FDC21941A71D8F300D0FA8D /* Eye Fixation TrainingTests */ = {
			isa = PBXGroup;
			children = (
				3FDC21971A71D8F300D0FA8D /* Eye_Fixation_TrainingTests.m */,
				3FDC21951A71D8F300D0FA8D /* Supporting Files */,
			);
			path = "Eye Fixation TrainingTests";
			sourceTree = "<group>";
		};
		3FDC21951A71D8F300D0FA8D /* Supporting Files */ = {
			isa = PBXGroup;
			children = (
				3FDC21961A71D8F300D0FA8D /* Info.plist */,
			);
			name = "Supporting Files";
			sourceTree = "<group>";
		};
		3FDC21B21A71D91400D0FA8D /* iPhone */ = {
			isa = PBXGroup;
			children = (
				3FDC21A11A71D91000D0FA8D /* Main_iPhone.storyboard */,
				3FDC21A21A71D91000D0FA8D /* EFTViewController.h */,
				3FDC21A31A71D91000D0FA8D /* EFTViewController.m */,
				3FDC21A41A71D91000D0FA8D /* EFTUserSettingsTableViewController.h */,
				3FDC21A51A71D91000D0FA8D /* EFTUserSettingsTableViewController.m */,
				3FDC21A61A71D91000D0FA8D /* EFTNumberOfTapsTableViewCell.h */,
				3FDC21A71A71D91000D0FA8D /* EFTNumberOfTapsTableViewCell.m */,
				3FDC21A81A71D91000D0FA8D /* EFTSelectCrossSizeTableViewController.h */,
				3FDC21A91A71D91000D0FA8D /* EFTSelectCrossSizeTableViewController.m */,
				3FDC21AA1A71D91000D0FA8D /* EFTCongratulationsViewController.h */,
				3FDC21AB1A71D91000D0FA8D /* EFTCongratulationsViewController.m */,
			);
			name = iPhone;
			sourceTree = "<group>";
		};
		3FDC21BB1A71D92700D0FA8D /* iPad */ = {
			isa = PBXGroup;
			children = (
				3FDC21B31A71D92400D0FA8D /* Main_iPad.storyboard */,
				3FDC21B41A71D92400D0FA8D /* EFTiPadSelectCrossSizeTableViewCell.h */,
				3FDC21B51A71D92400D0FA8D /* EFTiPadSelectCrossSizeTableViewCell.m */,
				3FDC21B61A71D92400D0FA8D /* EFTiPadSelectCrossSizeTableViewController.h */,
				3FDC21B71A71D92400D0FA8D /* EFTiPadSelectCrossSizeTableViewController.m */,
			);
			name = iPad;
			sourceTree = "<group>";
		};
/* End PBXGroup section */

/* Begin PBXNativeTarget section */
		3FDC21771A71D8F300D0FA8D /* Eye Fixation Training */ = {
			isa = PBXNativeTarget;
			buildConfigurationList = 3FDC219B1A71D8F300D0FA8D /* Build configuration list for PBXNativeTarget "Eye Fixation Training" */;
			buildPhases = (
				3FDC21741A71D8F300D0FA8D /* Sources */,
				3FDC21751A71D8F300D0FA8D /* Frameworks */,
				3FDC21761A71D8F300D0FA8D /* Resources */,
			);
			buildRules = (
			);
			dependencies = (
			);
			name = "Eye Fixation Training";
			productName = "Eye Fixation Training";
			productReference = 3FDC21781A71D8F300D0FA8D /* Eye Fixation Training.app */;
			productType = "com.apple.product-type.application";
		};
		3FDC21901A71D8F300D0FA8D /* Eye Fixation TrainingTests */ = {
			isa = PBXNativeTarget;
			buildConfigurationList = 3FDC219E1A71D8F300D0FA8D /* Build configuration list for PBXNativeTarget "Eye Fixation TrainingTests" */;
			buildPhases = (
				3FDC218D1A71D8F300D0FA8D /* Sources */,
				3FDC218E1A71D8F300D0FA8D /* Frameworks */,
				3FDC218F1A71D8F300D0FA8D /* Resources */,
			);
			buildRules = (
			);
			dependencies = (
				3FDC21931A71D8F300D0FA8D /* PBXTargetDependency */,
			);
			name = "Eye Fixation TrainingTests";
			productName = "Eye Fixation TrainingTests";
			productReference = 3FDC21911A71D8F300D0FA8D /* Eye Fixation TrainingTests.xctest */;
			productType = "com.apple.product-type.bundle.unit-test";
		};
/* End PBXNativeTarget section */

/* Begin PBXProject section */
		3FDC21701A71D8F300D0FA8D /* Project object */ = {
			isa = PBXProject;
			attributes = {
				LastUpgradeCheck = 0610;
				ORGANIZATIONNAME = "Illinois Retina Center";
				TargetAttributes = {
					3FDC21771A71D8F300D0FA8D = {
						CreatedOnToolsVersion = 6.1.1;
						DevelopmentTeam = R7XU5D6ZWZ;
					};
					3FDC21901A71D8F300D0FA8D = {
						CreatedOnToolsVersion = 6.1.1;
						TestTargetID = 3FDC21771A71D8F300D0FA8D;
					};
				};
			};
			buildConfigurationList = 3FDC21731A71D8F300D0FA8D /* Build configuration list for PBXProject "Eye Fixation Training" */;
			compatibilityVersion = "Xcode 3.2";
			developmentRegion = English;
			hasScannedForEncodings = 0;
			knownRegions = (
				en,
				Base,
			);
			mainGroup = 3FDC216F1A71D8F300D0FA8D;
			productRefGroup = 3FDC21791A71D8F300D0FA8D /* Products */;
			projectDirPath = "";
			projectRoot = "";
			targets = (
				3FDC21771A71D8F300D0FA8D /* Eye Fixation Training */,
				3FDC21901A71D8F300D0FA8D /* Eye Fixation TrainingTests */,
			);
		};
/* End PBXProject section */

/* Begin PBXResourcesBuildPhase section */
		3FDC21761A71D8F300D0FA8D /* Resources */ = {
			isa = PBXResourcesBuildPhase;
			buildActionMask = 2147483647;
			files = (
				3FDC21C21A71D95100D0FA8D /* Images.xcassets in Resources */,
				3FDC21C31A71D95100D0FA8D /* Launch Screen.xib in Resources */,
				3FDC21C41A71D95100D0FA8D /* Black Launch Screen.xib in Resources */,
				3FDC21AC1A71D91000D0FA8D /* Main_iPhone.storyboard in Resources */,
				3FDC21B81A71D92400D0FA8D /* Main_iPad.storyboard in Resources */,
			);
			runOnlyForDeploymentPostprocessing = 0;
		};
		3FDC218F1A71D8F300D0FA8D /* Resources */ = {
			isa = PBXResourcesBuildPhase;
			buildActionMask = 2147483647;
			files = (
			);
			runOnlyForDeploymentPostprocessing = 0;
		};
/* End PBXResourcesBuildPhase section */

/* Begin PBXSourcesBuildPhase section */
		3FDC21741A71D8F300D0FA8D /* Sources */ = {
			isa = PBXSourcesBuildPhase;
			buildActionMask = 2147483647;
			files = (
				3FDC21AD1A71D91000D0FA8D /* EFTViewController.m in Sources */,
				3FDC21AF1A71D91000D0FA8D /* EFTNumberOfTapsTableViewCell.m in Sources */,
				3FDC21AE1A71D91000D0FA8D /* EFTUserSettingsTableViewController.m in Sources */,
				3FDC21B01A71D91000D0FA8D /* EFTSelectCrossSizeTableViewController.m in Sources */,
				3FDC21B11A71D91000D0FA8D /* EFTCongratulationsViewController.m in Sources */,
				3FDC21BE1A71D93100D0FA8D /* EFTConstants.m in Sources */,
				3FDC21B91A71D92400D0FA8D /* EFTiPadSelectCrossSizeTableViewCell.m in Sources */,
				3FDC217E1A71D8F300D0FA8D /* main.m in Sources */,
				3FDC21C71A71D96200D0FA8D /* EFTAppDelegate.m in Sources */,
				3FDC21BA1A71D92400D0FA8D /* EFTiPadSelectCrossSizeTableViewController.m in Sources */,
			);
			runOnlyForDeploymentPostprocessing = 0;
		};
		3FDC218D1A71D8F300D0FA8D /* Sources */ = {
			isa = PBXSourcesBuildPhase;
			buildActionMask = 2147483647;
			files = (
				3FDC21981A71D8F300D0FA8D /* Eye_Fixation_TrainingTests.m in Sources */,
			);
			runOnlyForDeploymentPostprocessing = 0;
		};
/* End PBXSourcesBuildPhase section */

/* Begin PBXTargetDependency section */
		3FDC21931A71D8F300D0FA8D /* PBXTargetDependency */ = {
			isa = PBXTargetDependency;
			target = 3FDC21771A71D8F300D0FA8D /* Eye Fixation Training */;
			targetProxy = 3FDC21921A71D8F300D0FA8D /* PBXContainerItemProxy */;
		};
/* End PBXTargetDependency section */

/* Begin XCBuildConfiguration section */
		3FDC21991A71D8F300D0FA8D /* Debug */ = {
			isa = XCBuildConfiguration;
			buildSettings = {
				ALWAYS_SEARCH_USER_PATHS = NO;
				CLANG_CXX_LANGUAGE_STANDARD = "gnu++0x";
				CLANG_CXX_LIBRARY = "libc++";
				CLANG_ENABLE_MODULES = YES;
				CLANG_ENABLE_OBJC_ARC = YES;
				CLANG_WARN_BOOL_CONVERSION = YES;
				CLANG_WARN_CONSTANT_CONVERSION = YES;
				CLANG_WARN_DIRECT_OBJC_ISA_USAGE = YES_ERROR;
				CLANG_WARN_EMPTY_BODY = YES;
				CLANG_WARN_ENUM_CONVERSION = YES;
				CLANG_WARN_INT_CONVERSION = YES;
				CLANG_WARN_OBJC_ROOT_CLASS = YES_ERROR;
				CLANG_WARN_UNREACHABLE_CODE = YES;
				CLANG_WARN__DUPLICATE_METHOD_MATCH = YES;
				CODE_SIGN_IDENTITY = "iPhone Developer: Jeremy Schreck (WE8935L77H)";
				"CODE_SIGN_IDENTITY[sdk=iphoneos*]" = "iPhone Developer: Jeremy Schreck (WE8935L77H)";
				COPY_PHASE_STRIP = NO;
				ENABLE_STRICT_OBJC_MSGSEND = YES;
				GCC_C_LANGUAGE_STANDARD = gnu99;
				GCC_DYNAMIC_NO_PIC = NO;
				GCC_OPTIMIZATION_LEVEL = 0;
				GCC_PREPROCESSOR_DEFINITIONS = (
					"DEBUG=1",
					"$(inherited)",
				);
				GCC_SYMBOLS_PRIVATE_EXTERN = NO;
				GCC_WARN_64_TO_32_BIT_CONVERSION = YES;
				GCC_WARN_ABOUT_RETURN_TYPE = YES_ERROR;
				GCC_WARN_UNDECLARED_SELECTOR = YES;
				GCC_WARN_UNINITIALIZED_AUTOS = YES_AGGRESSIVE;
				GCC_WARN_UNUSED_FUNCTION = YES;
				GCC_WARN_UNUSED_VARIABLE = YES;
				IPHONEOS_DEPLOYMENT_TARGET = 8.1;
				MTL_ENABLE_DEBUG_INFO = YES;
				ONLY_ACTIVE_ARCH = YES;
				PROVISIONING_PROFILE = "53bce848-9bf8-4d56-b165-062c94bbbacb";
				SDKROOT = iphoneos;
				TARGETED_DEVICE_FAMILY = "1,2";
			};
			name = Debug;
		};
		3FDC219A1A71D8F300D0FA8D /* Release */ = {
			isa = XCBuildConfiguration;
			buildSettings = {
				ALWAYS_SEARCH_USER_PATHS = NO;
				CLANG_CXX_LANGUAGE_STANDARD = "gnu++0x";
				CLANG_CXX_LIBRARY = "libc++";
				CLANG_ENABLE_MODULES = YES;
				CLANG_ENABLE_OBJC_ARC = YES;
				CLANG_WARN_BOOL_CONVERSION = YES;
				CLANG_WARN_CONSTANT_CONVERSION = YES;
				CLANG_WARN_DIRECT_OBJC_ISA_USAGE = YES_ERROR;
				CLANG_WARN_EMPTY_BODY = YES;
				CLANG_WARN_ENUM_CONVERSION = YES;
				CLANG_WARN_INT_CONVERSION = YES;
				CLANG_WARN_OBJC_ROOT_CLASS = YES_ERROR;
				CLANG_WARN_UNREACHABLE_CODE = YES;
				CLANG_WARN__DUPLICATE_METHOD_MATCH = YES;
				CODE_SIGN_IDENTITY = "iPhone Developer: Jeremy Schreck (WE8935L77H)";
				"CODE_SIGN_IDENTITY[sdk=iphoneos*]" = "iPhone Developer: Jeremy Schreck (WE8935L77H)";
				COPY_PHASE_STRIP = YES;
				ENABLE_NS_ASSERTIONS = NO;
				ENABLE_STRICT_OBJC_MSGSEND = YES;
				GCC_C_LANGUAGE_STANDARD = gnu99;
				GCC_WARN_64_TO_32_BIT_CONVERSION = YES;
				GCC_WARN_ABOUT_RETURN_TYPE = YES_ERROR;
				GCC_WARN_UNDECLARED_SELECTOR = YES;
				GCC_WARN_UNINITIALIZED_AUTOS = YES_AGGRESSIVE;
				GCC_WARN_UNUSED_FUNCTION = YES;
				GCC_WARN_UNUSED_VARIABLE = YES;
				IPHONEOS_DEPLOYMENT_TARGET = 8.1;
				MTL_ENABLE_DEBUG_INFO = NO;
				PROVISIONING_PROFILE = "53bce848-9bf8-4d56-b165-062c94bbbacb";
				SDKROOT = iphoneos;
				TARGETED_DEVICE_FAMILY = "1,2";
				VALIDATE_PRODUCT = YES;
			};
			name = Release;
		};
		3FDC219C1A71D8F300D0FA8D /* Debug */ = {
			isa = XCBuildConfiguration;
			buildSettings = {
				ASSETCATALOG_COMPILER_APPICON_NAME = AppIcon;
				CODE_SIGN_IDENTITY = "iPhone Developer";
				INFOPLIST_FILE = "Eye Fixation Training/Info.plist";
				LD_RUNPATH_SEARCH_PATHS = "$(inherited) @executable_path/Frameworks";
				PRODUCT_NAME = "$(TARGET_NAME)";
				PROVISIONING_PROFILE = "53bce848-9bf8-4d56-b165-062c94bbbacb";
				TARGETED_DEVICE_FAMILY = "1,2";
			};
			name = Debug;
		};
		3FDC219D1A71D8F300D0FA8D /* Release */ = {
			isa = XCBuildConfiguration;
			buildSettings = {
				ASSETCATALOG_COMPILER_APPICON_NAME = AppIcon;
				CODE_SIGN_IDENTITY = "iPhone Developer";
				INFOPLIST_FILE = "Eye Fixation Training/Info.plist";
				LD_RUNPATH_SEARCH_PATHS = "$(inherited) @executable_path/Frameworks";
				PRODUCT_NAME = "$(TARGET_NAME)";
				PROVISIONING_PROFILE = "53bce848-9bf8-4d56-b165-062c94bbbacb";
				TARGETED_DEVICE_FAMILY = "1,2";
			};
			name = Release;
		};
		3FDC219F1A71D8F300D0FA8D /* Debug */ = {
			isa = XCBuildConfiguration;
			buildSettings = {
				BUNDLE_LOADER = "$(TEST_HOST)";
				FRAMEWORK_SEARCH_PATHS = (
					"$(SDKROOT)/Developer/Library/Frameworks",
					"$(inherited)",
				);
				GCC_PREPROCESSOR_DEFINITIONS = (
					"DEBUG=1",
					"$(inherited)",
				);
				INFOPLIST_FILE = "Eye Fixation TrainingTests/Info.plist";
				LD_RUNPATH_SEARCH_PATHS = "$(inherited) @executable_path/Frameworks @loader_path/Frameworks";
				PRODUCT_NAME = "$(TARGET_NAME)";
				TEST_HOST = "$(BUILT_PRODUCTS_DIR)/Eye Fixation Training.app/Eye Fixation Training";
			};
			name = Debug;
		};
		3FDC21A01A71D8F300D0FA8D /* Release */ = {
			isa = XCBuildConfiguration;
			buildSettings = {
				BUNDLE_LOADER = "$(TEST_HOST)";
				FRAMEWORK_SEARCH_PATHS = (
					"$(SDKROOT)/Developer/Library/Frameworks",
					"$(inherited)",
				);
				INFOPLIST_FILE = "Eye Fixation TrainingTests/Info.plist";
				LD_RUNPATH_SEARCH_PATHS = "$(inherited) @executable_path/Frameworks @loader_path/Frameworks";
				PRODUCT_NAME = "$(TARGET_NAME)";
				TEST_HOST = "$(BUILT_PRODUCTS_DIR)/Eye Fixation Training.app/Eye Fixation Training";
			};
			name = Release;
		};
/* End XCBuildConfiguration section */

/* Begin XCConfigurationList section */
		3FDC21731A71D8F300D0FA8D /* Build configuration list for PBXProject "Eye Fixation Training" */ = {
			isa = XCConfigurationList;
			buildConfigurations = (
				3FDC21991A71D8F300D0FA8D /* Debug */,
				3FDC219A1A71D8F300D0FA8D /* Release */,
			);
			defaultConfigurationIsVisible = 0;
			defaultConfigurationName = Release;
		};
		3FDC219B1A71D8F300D0FA8D /* Build configuration list for PBXNativeTarget "Eye Fixation Training" */ = {
			isa = XCConfigurationList;
			buildConfigurations = (
				3FDC219C1A71D8F300D0FA8D /* Debug */,
				3FDC219D1A71D8F300D0FA8D /* Release */,
			);
			defaultConfigurationIsVisible = 0;
			defaultConfigurationName = Release;
		};
		3FDC219E1A71D8F300D0FA8D /* Build configuration list for PBXNativeTarget "Eye Fixation TrainingTests" */ = {
			isa = XCConfigurationList;
			buildConfigurations = (
				3FDC219F1A71D8F300D0FA8D /* Debug */,
				3FDC21A01A71D8F300D0FA8D /* Release */,
			);
			defaultConfigurationIsVisible = 0;
			defaultConfigurationName = Release;
		};
/* End XCConfigurationList section */
	};
	rootObject = 3FDC21701A71D8F300D0FA8D /* Project object */;
}
